# THIS IS AN AUTOGENERATED FILE. DO NOT EDIT THIS FILE DIRECTLY.
# yarn lockfile v1


abbrev@1:
  version "1.1.1"
  resolved "https://registry.yarnpkg.com/abbrev/-/abbrev-1.1.1.tgz#f8f2c887ad10bf67f634f005b6987fed3179aac8"
  integrity sha512-nne9/IiQ/hzIhY6pdDnbBtz7DjPTKrY00P/zvPSm5pOFkl6xuGrGnXn/VtTNNfNtAfZ9/1RtehkszU9qcTii0Q==

ambi@^2.2.0:
  version "2.5.0"
  resolved "https://registry.yarnpkg.com/ambi/-/ambi-2.5.0.tgz#7c8e372be48891157e7cea01cb6f9143d1f74220"
  integrity sha1-fI43K+SIkRV+fOoBy2+RQ9H3QiA=
  dependencies:
    editions "^1.1.1"
    typechecker "^4.3.0"

ansi-gray@^0.1.1:
  version "0.1.1"
  resolved "https://registry.yarnpkg.com/ansi-gray/-/ansi-gray-0.1.1.tgz#2962cf54ec9792c48510a3deb524436861ef7251"
  integrity sha1-KWLPVOyXksSFEKPetSRDaGHvclE=
  dependencies:
    ansi-wrap "0.1.0"

ansi-wrap@0.1.0:
  version "0.1.0"
  resolved "https://registry.yarnpkg.com/ansi-wrap/-/ansi-wrap-0.1.0.tgz#a82250ddb0015e9a27ca82e82ea603bbfa45efaf"
  integrity sha1-qCJQ3bABXponyoLoLqYDu/pF768=

async-limiter@~1.0.0:
  version "1.0.0"
  resolved "https://registry.yarnpkg.com/async-limiter/-/async-limiter-1.0.0.tgz#78faed8c3d074ab81f22b4e985d79e8738f720f8"
  integrity sha512-jp/uFnooOiO+L211eZOoSyzpOITMXx1rBITauYykG3BRYPu8h0UcxsPNB04RR5vo4Tyz3+ay17tR6JVf9qzYWg==

async@~1.5.2:
  version "1.5.2"
  resolved "https://registry.yarnpkg.com/async/-/async-1.5.2.tgz#ec6a61ae56480c0c3cb241c95618e20892f9672a"
  integrity sha1-7GphrlZIDAw8skHJVhjiCJL5Zyo=

balanced-match@^1.0.0:
  version "1.0.0"
  resolved "https://registry.yarnpkg.com/balanced-match/-/balanced-match-1.0.0.tgz#89b4d199ab2bee49de164ea02b89ce462d71b767"
  integrity sha1-ibTRmasr7kneFk6gK4nORi1xt2c=

brace-expansion@^1.1.7:
  version "1.1.11"
  resolved "https://registry.yarnpkg.com/brace-expansion/-/brace-expansion-1.1.11.tgz#3c7fcbf529d87226f3d2f52b966ff5271eb441dd"
  integrity sha512-iCuPHDFgrHX7H2vEI/5xpz07zSHB00TpugqhmYtVmMO6518mCuRMoOYFldEBl0g187ufozdaHgWKcYFb61qGiA==
  dependencies:
    balanced-match "^1.0.0"
    concat-map "0.0.1"

color-support@^1.1.3:
  version "1.1.3"
  resolved "https://registry.yarnpkg.com/color-support/-/color-support-1.1.3.tgz#93834379a1cc9a0c61f82f52f0d04322251bd5a2"
  integrity sha512-qiBjkpbMLO/HL68y+lh4q0/O1MZFj2RX6X/KmMa3+gJD3z+WwI1ZzDHysvqHGS3mP6mznPckpXmw1nI9cJjyRg==

concat-map@0.0.1:
  version "0.0.1"
  resolved "https://registry.yarnpkg.com/concat-map/-/concat-map-0.0.1.tgz#d8a96bd77fd68df7793a73036a3ba0d5405d477b"
  integrity sha1-2Klr13/Wjfd5OnMDajug1UBdR3s=

csextends@^1.0.3:
  version "1.2.0"
  resolved "https://registry.yarnpkg.com/csextends/-/csextends-1.2.0.tgz#6374b210984b54d4495f29c99d3dd069b80543e5"
  integrity sha512-S/8k1bDTJIwuGgQYmsRoE+8P+ohV32WhQ0l4zqrc0XDdxOhjQQD7/wTZwCzoZX53jSX3V/qwjT+OkPTxWQcmjg==

debug@*:
  version "4.1.0"
  resolved "https://registry.yarnpkg.com/debug/-/debug-4.1.0.tgz#373687bffa678b38b1cd91f861b63850035ddc87"
  integrity sha512-heNPJUJIqC+xB6ayLAMHaIrmN9HKa7aQO8MGqKpvCA+uJYVcvR6l5kgdrhRuwPFHU7P5/A1w0BjByPHwpfTDKg==
  dependencies:
    ms "^2.1.1"

discord.js@^11.4.2:
  version "11.4.2"
  resolved "https://registry.yarnpkg.com/discord.js/-/discord.js-11.4.2.tgz#54586981926521572051f2a30b984aad2b49786e"
  integrity sha512-MDwpu0lMFTjqomijDl1Ed9miMQe6kB4ifKdP28QZllmLv/HVOJXhatRgjS8urp/wBlOfx+qAYSXcdI5cKGYsfg==
  dependencies:
    long "^4.0.0"
    prism-media "^0.0.3"
    snekfetch "^3.6.4"
    tweetnacl "^1.0.0"
    ws "^4.0.0"

eachr@^2.0.2:
  version "2.0.4"
  resolved "https://registry.yarnpkg.com/eachr/-/eachr-2.0.4.tgz#466f7caa10708f610509e32c807aafe57fc122bf"
  integrity sha1-Rm98qhBwj2EFCeMsgHqv5X/BIr8=
  dependencies:
    typechecker "^2.0.8"

editions@^1.1.1, editions@^1.3.3, editions@^1.3.4:
  version "1.3.4"
  resolved "https://registry.yarnpkg.com/editions/-/editions-1.3.4.tgz#3662cb592347c3168eb8e498a0ff73271d67f50b"
  integrity sha512-gzao+mxnYDzIysXKMQi/+M1mjy/rjestjg6OPoYTtI+3Izp23oiGZitsl9lPDPiTGXbcSIk1iJWhliSaglxnUg==

editions@^2.0.2:
  version "2.1.0"
  resolved "https://registry.yarnpkg.com/editions/-/editions-2.1.0.tgz#5c6f6341ef19ee362a3bcbb907fe68e696dbc69e"
  integrity sha512-yKrimWcvOXcYXtqsOeebbMLynm9qbYVd0005wveGU2biPxJaJoxA0jtaZrxiMe3mAanLr5lxoYFVz5zjv9JdnA==
  dependencies:
    errlop "^1.0.3"
    semver "^5.6.0"

errlop@^1.0.3:
  version "1.0.3"
  resolved "https://registry.yarnpkg.com/errlop/-/errlop-1.0.3.tgz#dba29c90cf832c3d2ce469fe515d7e5eef2c6676"
  integrity sha512-5VTnt0yikY4LlQEfCXVSqfE6oLj1HVM4zVSvAKMnoYjL/zrb6nqiLowZS4XlG7xENfyj7lpYWvT+wfSCr6dtlA==
  dependencies:
    editions "^1.3.4"

extendr@^2.1.0:
  version "2.1.0"
  resolved "https://registry.yarnpkg.com/extendr/-/extendr-2.1.0.tgz#301aa0bbea565f4d2dc8f570f2a22611a8527b56"
  integrity sha1-MBqgu+pWX00tyPVw8qImEahSe1Y=
  dependencies:
    typechecker "~2.0.1"

extract-opts@^2.2.0:
  version "2.2.0"
  resolved "https://registry.yarnpkg.com/extract-opts/-/extract-opts-2.2.0.tgz#1fa28eba7352c6db480f885ceb71a46810be6d7d"
  integrity sha1-H6KOunNSxttID4hc63GkaBC+bX0=
  dependencies:
    typechecker "~2.0.1"

fancy-log@^1.3.2:
  version "1.3.2"
  resolved "https://registry.yarnpkg.com/fancy-log/-/fancy-log-1.3.2.tgz#f41125e3d84f2e7d89a43d06d958c8f78be16be1"
  integrity sha1-9BEl49hPLn2JpD0G2VjI94vha+E=
  dependencies:
    ansi-gray "^0.1.1"
    color-support "^1.1.3"
    time-stamp "^1.0.0"

glob@~6.0.4:
  version "6.0.4"
  resolved "https://registry.yarnpkg.com/glob/-/glob-6.0.4.tgz#0f08860f6a155127b2fadd4f9ce24b1aab6e4d22"
  integrity sha1-DwiGD2oVUSey+t1PnOJLGqtuTSI=
  dependencies:
    inflight "^1.0.4"
    inherits "2"
    minimatch "2 || 3"
    once "^1.3.0"
    path-is-absolute "^1.0.0"

graceful-fs@*:
  version "4.1.15"
  resolved "https://registry.yarnpkg.com/graceful-fs/-/graceful-fs-4.1.15.tgz#ffb703e1066e8a0eeaa4c8b80ba9253eeefbfb00"
  integrity sha512-6uHUhOPEBgQ24HM+r6b/QwWfZq+yiFcipKFrOFiBEnWdy5sdzYoi+pJeQaPI5qOLRFqWmAXUPQNsielzdLoecA==

html-entities@^1.1.3:
  version "1.2.1"
  resolved "https://registry.yarnpkg.com/html-entities/-/html-entities-1.2.1.tgz#0df29351f0721163515dfb9e5543e5f6eed5162f"
  integrity sha1-DfKTUfByEWNRXfueVUPl9u7VFi8=

i18n@^0.8.3:
  version "0.8.3"
  resolved "https://registry.yarnpkg.com/i18n/-/i18n-0.8.3.tgz#2d8cf1c24722602c2041d01ba6ae5eaa51388f0e"
  integrity sha1-LYzxwkciYCwgQdAbpq5eqlE4jw4=
  dependencies:
    debug "*"
    make-plural "^3.0.3"
    math-interval-parser "^1.1.0"
    messageformat "^0.3.1"
    mustache "*"
    sprintf-js ">=1.0.3"

ignorefs@^1.0.0:
  version "1.2.0"
  resolved "https://registry.yarnpkg.com/ignorefs/-/ignorefs-1.2.0.tgz#da59fb858976e4a5e43702ccd1f282fdbc9e5756"
  integrity sha1-2ln7hYl25KXkNwLM0fKC/byeV1Y=
  dependencies:
    editions "^1.3.3"
    ignorepatterns "^1.1.0"

ignorepatterns@^1.1.0:
  version "1.1.0"
  resolved "https://registry.yarnpkg.com/ignorepatterns/-/ignorepatterns-1.1.0.tgz#ac8f436f2239b5dfb66d5f0d3a904a87ac67cc5e"
  integrity sha1-rI9DbyI5td+2bV8NOpBKh6xnzF4=

inflight@^1.0.4:
  version "1.0.6"
  resolved "https://registry.yarnpkg.com/inflight/-/inflight-1.0.6.tgz#49bd6331d7d02d0c09bc910a1075ba8165b56df9"
  integrity sha1-Sb1jMdfQLQwJvJEKEHW6gWW1bfk=
  dependencies:
    once "^1.3.0"
    wrappy "1"

inherits@2:
  version "2.0.3"
  resolved "https://registry.yarnpkg.com/inherits/-/inherits-2.0.3.tgz#633c2c83e3da42a502f52466022480f4208261de"
  integrity sha1-Yzwsg+PaQqUC9SRmAiSA9CCCYd4=

long@^4.0.0:
  version "4.0.0"
  resolved "https://registry.yarnpkg.com/long/-/long-4.0.0.tgz#9a7b71cfb7d361a194ea555241c92f7468d5bf28"
  integrity sha512-XsP+KhQif4bjX1kbuSiySJFNAehNxgLb6hPRGJ9QsUr8ajHkuXGdrHmFUTUUXhDwVX2R5bY4JNZEwbUiMhV+MA==

m3u8stream@^0.6.0:
  version "0.6.0"
  resolved "https://registry.yarnpkg.com/m3u8stream/-/m3u8stream-0.6.0.tgz#a78378d491b66a1207e206f368a9259b074a0c7b"
  integrity sha512-h78ollIa7zeq0nzx1+wI/EH0soUpe9A7sC6zw/+/tuRwYdIXedOytvI69+6eP/FU4Ph0cT6kQsw73j5tKXIbgg==
  dependencies:
    miniget "^1.4.0"
    sax "^1.2.4"

make-plural@^3.0.3, make-plural@~3.0.3:
  version "3.0.6"
  resolved "https://registry.yarnpkg.com/make-plural/-/make-plural-3.0.6.tgz#2033a03bac290b8f3bb91258f65b9df7e8b01ca7"
  integrity sha1-IDOgO6wpC487uRJY9lud9+iwHKc=
  optionalDependencies:
    minimist "^1.2.0"

math-interval-parser@^1.1.0:
  version "1.1.0"
  resolved "https://registry.yarnpkg.com/math-interval-parser/-/math-interval-parser-1.1.0.tgz#dbeda5b06b3249973c6df6170fde2386f0afd893"
  integrity sha1-2+2lsGsySZc8bfYXD94jhvCv2JM=
  dependencies:
    xregexp "^2.0.0"

messageformat@^0.3.1:
  version "0.3.1"
  resolved "https://registry.yarnpkg.com/messageformat/-/messageformat-0.3.1.tgz#e58fff8245e9b3971799e5b43db58b3e9417f5a2"
  integrity sha1-5Y//gkXps5cXmeW0PbWLPpQX9aI=
  dependencies:
    async "~1.5.2"
    glob "~6.0.4"
    make-plural "~3.0.3"
    nopt "~3.0.6"
    watchr "~2.4.13"

miniget@^1.4.0:
  version "1.5.1"
  resolved "https://registry.yarnpkg.com/miniget/-/miniget-1.5.1.tgz#4f93840d5aaed21634cd12fd07d22f7d64e9d570"
  integrity sha512-KJ3AyIVZ76QuWAq43BWjkK+jLdhxhy3s4tsdg9Je91+cIFkeOSW2VEj2lSeKw50CPu1eCCkSbiQEBKL36mpA5w==

"minimatch@2 || 3":
  version "3.0.4"
  resolved "https://registry.yarnpkg.com/minimatch/-/minimatch-3.0.4.tgz#5166e286457f03306064be5497e8dbb0c3d32083"
  integrity sha512-yJHVQEhyqPLUTgt9B83PXu6W3rx4MvvHvSUvToogpwoGDOUQ+yDrR0HRot+yOCdCO7u4hX3pWft6kWBBcqh0UA==
  dependencies:
    brace-expansion "^1.1.7"

minimist@^1.2.0:
  version "1.2.0"
  resolved "https://registry.yarnpkg.com/minimist/-/minimist-1.2.0.tgz#a35008b20f41383eec1fb914f4cd5df79a264284"
  integrity sha1-o1AIsg9BOD7sH7kU9M1d95omQoQ=

ms@^2.1.1:
  version "2.1.1"
  resolved "https://registry.yarnpkg.com/ms/-/ms-2.1.1.tgz#30a5864eb3ebb0a66f2ebe6d727af06a09d86e0a"
  integrity sha512-tgp+dl5cGk28utYktBsrFqA7HKgrhgPsg6Z/EfhWI4gl1Hwq8B/GmY/0oXZ6nF8hDVesS/FpnYaD/kOWhYQvyg==

mustache@*:
  version "3.0.1"
  resolved "https://registry.yarnpkg.com/mustache/-/mustache-3.0.1.tgz#873855f23aa8a95b150fb96d9836edbc5a1d248a"
  integrity sha512-jFI/4UVRsRYdUbuDTKT7KzfOp7FiD5WzYmmwNwXyUVypC0xjoTL78Fqc0jHUPIvvGD+6DQSPHIt1NE7D1ArsqA==

nopt@~3.0.6:
  version "3.0.6"
  resolved "https://registry.yarnpkg.com/nopt/-/nopt-3.0.6.tgz#c6465dbf08abcd4db359317f79ac68a646b28ff9"
  integrity sha1-xkZdvwirzU2zWTF/eaxopkayj/k=
  dependencies:
    abbrev "1"

once@^1.3.0:
  version "1.4.0"
  resolved "https://registry.yarnpkg.com/once/-/once-1.4.0.tgz#583b1aa775961d4b113ac17d9c50baef9dd76bd1"
  integrity sha1-WDsap3WWHUsROsF9nFC6753Xa9E=
  dependencies:
    wrappy "1"

opusscript@0.0.6:
  version "0.0.6"
  resolved "https://registry.yarnpkg.com/opusscript/-/opusscript-0.0.6.tgz#cf492fc5fb2c819af296ae02eaa3cf210433c9ba"
  integrity sha512-F7nx1SWZCD5Rq2W+5Fx39HlkRkz/5Zqt0LglEB9uHexk8HjedDEiM+u/Y2rBfDFcS/0uQIWu2lJhw+Gjsta+cA==

path-is-absolute@^1.0.0:
  version "1.0.1"
  resolved "https://registry.yarnpkg.com/path-is-absolute/-/path-is-absolute-1.0.1.tgz#174b9268735534ffbc7ace6bf53a5a9e1b5c5f5f"
  integrity sha1-F0uSaHNVNP+8es5r9TpanhtcX18=

prism-media@^0.0.3:
  version "0.0.3"
  resolved "https://registry.yarnpkg.com/prism-media/-/prism-media-0.0.3.tgz#8842d4fae804f099d3b48a9a38e3c2bab6f4855b"
  integrity sha512-c9KkNifSMU/iXT8FFTaBwBMr+rdVcN+H/uNv1o+CuFeTThNZNTOrQ+RgXA1yL/DeLk098duAeRPP3QNPNbhxYQ==

safe-buffer@~5.1.0:
  version "5.1.2"
  resolved "https://registry.yarnpkg.com/safe-buffer/-/safe-buffer-5.1.2.tgz#991ec69d296e0313747d59bdfd2b745c35f8828d"
  integrity sha512-Gd2UZBJDkXlY7GbJxfsE8/nvKkUEU1G38c1siN6QP6a9PT9MmHB8GnpscSmMJSoF8LOIrt8ud/wPtojys4G6+g==

safefs@^3.1.2:
  version "3.2.2"
  resolved "https://registry.yarnpkg.com/safefs/-/safefs-3.2.2.tgz#8170c1444d7038e08caea05a374fae2fa349e15c"
  integrity sha1-gXDBRE1wOOCMrqBaN0+uL6NJ4Vw=
  dependencies:
    graceful-fs "*"

sax@^1.1.3, sax@^1.2.4:
  version "1.2.4"
  resolved "https://registry.yarnpkg.com/sax/-/sax-1.2.4.tgz#2816234e2378bddc4e5354fab5caa895df7100d9"
  integrity sha512-NqVDv9TpANUjFm0N8uM5GxL36UgKi9/atZw+x7YFnQ8ckwFGKrl4xX4yWtrey3UJm5nP1kUbnYgLopqWNSRhWw==

scandirectory@^2.5.0:
  version "2.5.0"
  resolved "https://registry.yarnpkg.com/scandirectory/-/scandirectory-2.5.0.tgz#6ce03f54a090b668e3cbedbf20edf9e310593e72"
  integrity sha1-bOA/VKCQtmjjy+2/IO354xBZPnI=
  dependencies:
    ignorefs "^1.0.0"
    safefs "^3.1.2"
    taskgroup "^4.0.5"

semver@^5.6.0:
  version "5.6.0"
  resolved "https://registry.yarnpkg.com/semver/-/semver-5.6.0.tgz#7e74256fbaa49c75aa7c7a205cc22799cac80004"
  integrity sha512-RS9R6R35NYgQn++fkDWaOmqGoj4Ek9gGs+DPxNUZKuwE183xjJroKvyo1IzVFeXvUrvmALy6FWD5xrdJT25gMg==

snekfetch@^3.6.4:
  version "3.6.4"
  resolved "https://registry.yarnpkg.com/snekfetch/-/snekfetch-3.6.4.tgz#d13e80a616d892f3d38daae4289f4d258a645120"
  integrity sha512-NjxjITIj04Ffqid5lqr7XdgwM7X61c/Dns073Ly170bPQHLm6jkmelye/eglS++1nfTWktpP6Y2bFXjdPlQqdw==

sprintf-js@>=1.0.3:
  version "1.1.1"
  resolved "https://registry.yarnpkg.com/sprintf-js/-/sprintf-js-1.1.1.tgz#36be78320afe5801f6cea3ee78b6e5aab940ea0c"
  integrity sha1-Nr54Mgr+WAH2zqPueLblqrlA6gw=

taskgroup@^4.0.5, taskgroup@^4.2.0:
  version "4.3.1"
  resolved "https://registry.yarnpkg.com/taskgroup/-/taskgroup-4.3.1.tgz#7de193febd768273c457730497024d512c27915a"
  integrity sha1-feGT/r12gnPEV3MElwJNUSwnkVo=
  dependencies:
    ambi "^2.2.0"
    csextends "^1.0.3"

time-stamp@^1.0.0:
  version "1.1.0"
  resolved "https://registry.yarnpkg.com/time-stamp/-/time-stamp-1.1.0.tgz#764a5a11af50561921b133f3b44e618687e0f5c3"
  integrity sha1-dkpaEa9QVhkhsTPztE5hhofg9cM=

tweetnacl@^1.0.0:
  version "1.0.0"
  resolved "https://registry.yarnpkg.com/tweetnacl/-/tweetnacl-1.0.0.tgz#713d8b818da42068740bf68386d0479e66fc8a7b"
  integrity sha1-cT2LgY2kIGh0C/aDhtBHnmb8ins=

typechecker@^2.0.8:
  version "2.1.0"
  resolved "https://registry.yarnpkg.com/typechecker/-/typechecker-2.1.0.tgz#d1c2093a54ff8a19f58cff877eeaa54f2242d383"
  integrity sha1-0cIJOlT/ihn1jP+HfuqlTyJC04M=

typechecker@^4.3.0:
  version "4.6.0"
  resolved "https://registry.yarnpkg.com/typechecker/-/typechecker-4.6.0.tgz#d245d9c2df21147d5e2a942fff170b68ece73c87"
  integrity sha512-83OrXpyP3LNr7aRbLkt2nkjE/d7q8su8/uRvrKxCpswqVCVGOgyaKpaz8/MTjQqBYe4eLNuJ44pNakFZKqyPMA==
  dependencies:
    editions "^2.0.2"

typechecker@~2.0.1:
  version "2.0.8"
  resolved "https://registry.yarnpkg.com/typechecker/-/typechecker-2.0.8.tgz#e83da84bb64c584ccb345838576c40b0337db82e"
  integrity sha1-6D2oS7ZMWEzLNFg4V2xAsDN9uC4=

watchr@~2.4.13:
  version "2.4.13"
  resolved "https://registry.yarnpkg.com/watchr/-/watchr-2.4.13.tgz#d74847bb4d6f90f61fe2c74f9f68662aa0e07601"
  integrity sha1-10hHu01vkPYf4sdPn2hmKqDgdgE=
  dependencies:
    eachr "^2.0.2"
    extendr "^2.1.0"
    extract-opts "^2.2.0"
    ignorefs "^1.0.0"
    safefs "^3.1.2"
    scandirectory "^2.5.0"
    taskgroup "^4.2.0"
    typechecker "^2.0.8"

wrappy@1:
  version "1.0.2"
  resolved "https://registry.yarnpkg.com/wrappy/-/wrappy-1.0.2.tgz#b5243d8f3ec1aa35f1364605bc0d1036e30ab69f"
  integrity sha1-tSQ9jz7BqjXxNkYFvA0QNuMKtp8=

ws@^4.0.0:
  version "4.1.0"
  resolved "https://registry.yarnpkg.com/ws/-/ws-4.1.0.tgz#a979b5d7d4da68bf54efe0408967c324869a7289"
  integrity sha512-ZGh/8kF9rrRNffkLFV4AzhvooEclrOH0xaugmqGsIfFgOE/pIz4fMc4Ef+5HSQqTEug2S9JZIWDR47duDSLfaA==
  dependencies:
    async-limiter "~1.0.0"
    safe-buffer "~5.1.0"

xregexp@^2.0.0:
  version "2.0.0"
  resolved "https://registry.yarnpkg.com/xregexp/-/xregexp-2.0.0.tgz#52a63e56ca0b84a7f3a5f3d61872f126ad7a5943"
  integrity sha1-UqY+VsoLhKfzpfPWGHLxJq16WUM=

ytdl-core@^0.28.0:
  version "0.28.0"
  resolved "https://registry.yarnpkg.com/ytdl-core/-/ytdl-core-0.28.0.tgz#5f1ed2c9071f13c9c55e6e7187941f4ed32a2efe"
  integrity sha512-pk1nd0MPZLyMOENUOCFLBJ/m59XFqSWPzSY2UhdG7PHBwYtROAY5QRLoYEG0V21h7i3KUeHbnFq8czio5gPKYA==
  dependencies:
    html-entities "^1.1.3"
    m3u8stream "^0.6.0"
    miniget "^1.4.0"
    sax "^1.1.3"
